
Microsoft Visual Studio Solution File, Format Version 12.00
# Visual Studio Version 17
VisualStudioVersion = 17.1.32210.238
MinimumVisualStudioVersion = 10.0.40219.1
Project("{FAE04EC0-301F-11D3-BF4B-00C04F79EFBC}") = "UC7 Happy7.1", "UC7 Happy7.1.csproj", "{3C1BA02B-14AD-46D8-BB11-E0C83A55C77F}"
EndProject
Project("{FAE04EC0-301F-11D3-BF4B-00C04F79EFBC}") = "MSTESTUC77.1", "..\MSTESTUC77.1\MSTESTUC77.1.csproj", "{00AD704B-81E8-4E43-BF48-D0948833B8FB}"
EndProject
Global
	GlobalSection(SolutionConfigurationPlatforms) = preSolution
		Debug|Any CPU = Debug|Any CPU
		Release|Any CPU = Release|Any CPU
	EndGlobalSection
	GlobalSection(ProjectConfigurationPlatforms) = postSolution
		{3C1BA02B-14AD-46D8-BB11-E0C83A55C77F}.Debug|Any CPU.ActiveCfg = Debug|Any CPU
		{3C1BA02B-14AD-46D8-BB11-E0C83A55C77F}.Debug|Any CPU.Build.0 = Debug|Any CPU
		{3C1BA02B-14AD-46D8-BB11-E0C83A55C77F}.Release|Any CPU.ActiveCfg = Release|Any CPU
		{3C1BA02B-14AD-46D8-BB11-E0C83A55C77F}.Release|Any CPU.Build.0 = Release|Any CPU
		{00AD704B-81E8-4E43-BF48-D0948833B8FB}.Debug|Any CPU.ActiveCfg = Debug|Any CPU
		{00AD704B-81E8-4E43-BF48-D0948833B8FB}.Debug|Any CPU.Build.0 = Debug|Any CPU
		{00AD704B-81E8-4E43-BF48-D0948833B8FB}.Release|Any CPU.ActiveCfg = Release|Any CPU
		{00AD704B-81E8-4E43-BF48-D0948833B8FB}.Release|Any CPU.Build.0 = Release|Any CPU
	EndGlobalSection
	GlobalSection(SolutionProperties) = preSolution
		HideSolutionNode = FALSE
	EndGlobalSection
	GlobalSection(ExtensibilityGlobals) = postSolution
		SolutionGuid = {15937A36-8FAE-4271-93CF-BBC430F241DE}
	EndGlobalSection
EndGlobal
